# This file is automatically @generated by Cargo.
# It is not intended for manual editing.
version = 3

[[package]]
name = "my-cli"
version = "0.1.0"

[[package]]
name = "my-lib"
version = "0.1.0"

[[package]]
name = "serde"
version = "1.0.188"
source = "registry+https://github.com/rust-lang/crates.io-index"
checksum = "e28c4...abcdef"
features = ["derive"]

[[package]]
name = "serde_json"
version = "1.0.105"
source = "registry+https://github.com/rust-lang/crates.io-index"
checksum = "2b0d7...abcdef"
dependencies = [
 "serde",
]
